{
  "originHash" : "e9cfdac4565e16418ccce3f43c004c4202433586f268fb1bf5eda8fd419bae40",
  "pins" : [
    {
      "identity" : "reductio",
      "kind" : "remoteSourceControl",
      "location" : "https://github.com/fdzsergio/Reductio",
      "state" : {
        "revision" : "5b0b50264d2406f1b5b5ab21a4a7432164787039",
        "version" : "1.6.0"
      }
    }
  ],
  "version" : 3
}
