// !$*UTF8*$!
{
	archiveVersion = 1;
	classes = {
	};
	objectVersion = 77;
	objects = {

/* Begin PBXBuildFile section */
		04BDE9DF2E5A83FD00147CC0 /* Reductio in Frameworks */ = {isa = PBXBuildFile; productRef = 04BDE9DE2E5A83FD00147CC0 /* Reductio */; };
/* End PBXBuildFile section */

/* Begin PBXContainerItemProxy section */
		04BDE9BF2E5A744400147CC0 /* PBXContainerItemProxy */ = {
			isa = PBXContainerItemProxy;
			containerPortal = 04BDE9A82E5A744200147CC0 /* Project object */;
			proxyType = 1;
			remoteGlobalIDString = 04BDE9AF2E5A744200147CC0;
			remoteInfo = SmartJournal;
		};
		04BDE9C92E5A744400147CC0 /* PBXContainerItemProxy */ = {
			isa = PBXContainerItemProxy;
			containerPortal = 04BDE9A82E5A744200147CC0 /* Project object */;
			proxyType = 1;
			remoteGlobalIDString = 04BDE9AF2E5A744200147CC0;
			remoteInfo = SmartJournal;
		};
/* End PBXContainerItemProxy section */

/* Begin PBXFileReference section */
		04BDE9B02E5A744200147CC0 /* SmartJournal.app */ = {isa = PBXFileReference; explicitFileType = wrapper.application; includeInIndex = 0; path = SmartJournal.app; sourceTree = BUILT_PRODUCTS_DIR; };
		04BDE9BE2E5A744400147CC0 /* SmartJournalTests.xctest */ = {isa = PBXFileReference; explicitFileType = wrapper.cfbundle; includeInIndex = 0; path = SmartJournalTests.xctest; sourceTree = BUILT_PRODUCTS_DIR; };
		04BDE9C82E5A744400147CC0 /* SmartJournalUITests.xctest */ = {isa = PBXFileReference; explicitFileType = wrapper.cfbundle; includeInIndex = 0; path = SmartJournalUITests.xctest; sourceTree = BUILT_PRODUCTS_DIR; };
/* End PBXFileReference section */

/* Begin PBXFileSystemSynchronizedRootGroup section */
		04BDE9B22E5A744200147CC0 /* SmartJournal */ = {
			isa = PBXFileSystemSynchronizedRootGroup;
			path = SmartJournal;
			sourceTree = "<group>";
		};
		04BDE9C12E5A744400147CC0 /* SmartJournalTests */ = {
			isa = PBXFileSystemSynchronizedRootGroup;
			path = SmartJournalTests;
			sourceTree = "<group>";
		};
		04BDE9CB2E5A744400147CC0 /* SmartJournalUITests */ = {
			isa = PBXFileSystemSynchronizedRootGroup;
			path = SmartJournalUITests;
			sourceTree = "<group>";
		};
/* End PBXFileSystemSynchronizedRootGroup section */

/* Begin PBXFrameworksBuildPhase section */
		04BDE9AD2E5A744200147CC0 /* Frameworks */ = {
			isa = PBXFrameworksBuildPhase;
			buildActionMask = 2147483647;
			files = (
				04BDE9DF2E5A83FD00147CC0 /* Reductio in Frameworks */,
			);
			runOnlyForDeploymentPostprocessing = 0;
		};
		04BDE9BB2E5A744400147CC0 /* Frameworks */ = {
			isa = PBXFrameworksBuildPhase;
			buildActionMask = 2147483647;
			files = (
			);
			runOnlyForDeploymentPostprocessing = 0;
		};
		04BDE9C52E5A744400147CC0 /* Frameworks */ = {
			isa = PBXFrameworksBuildPhase;
			buildActionMask = 2147483647;
			files = (
			);
			runOnlyForDeploymentPostprocessing = 0;
		};
/* End PBXFrameworksBuildPhase section */

/* Begin PBXGroup section */
		04BDE9A72E5A744200147CC0 = {
			isa = PBXGroup;
			children = (
				04BDE9B22E5A744200147CC0 /* SmartJournal */,
				04BDE9C12E5A744400147CC0 /* SmartJournalTests */,
				04BDE9CB2E5A744400147CC0 /* SmartJournalUITests */,
				04BDE9B12E5A744200147CC0 /* Products */,
			);
			sourceTree = "<group>";
		};
		04BDE9B12E5A744200147CC0 /* Products */ = {
			isa = PBXGroup;
			children = (
				04BDE9B02E5A744200147CC0 /* SmartJournal.app */,
				04BDE9BE2E5A744400147CC0 /* SmartJournalTests.xctest */,
				04BDE9C82E5A744400147CC0 /* SmartJournalUITests.xctest */,
			);
			name = Products;
			sourceTree = "<group>";
		};
/* End PBXGroup section */

/* Begin PBXNativeTarget section */
		04BDE9AF2E5A744200147CC0 /* SmartJournal */ = {
			isa = PBXNativeTarget;
			buildConfigurationList = 04BDE9D22E5A744400147CC0 /* Build configuration list for PBXNativeTarget "SmartJournal" */;
			buildPhases = (
				04BDE9AC2E5A744200147CC0 /* Sources */,
				04BDE9AD2E5A744200147CC0 /* Frameworks */,
				04BDE9AE2E5A744200147CC0 /* Resources */,
			);
			buildRules = (
			);
			dependencies = (
			);
			fileSystemSynchronizedGroups = (
				04BDE9B22E5A744200147CC0 /* SmartJournal */,
			);
			name = SmartJournal;
			packageProductDependencies = (
				04BDE9DE2E5A83FD00147CC0 /* Reductio */,
			);
			productName = SmartJournal;
			productReference = 04BDE9B02E5A744200147CC0 /* SmartJournal.app */;
			productType = "com.apple.product-type.application";
		};
		04BDE9BD2E5A744400147CC0 /* SmartJournalTests */ = {
			isa = PBXNativeTarget;
			buildConfigurationList = 04BDE9D52E5A744400147CC0 /* Build configuration list for PBXNativeTarget "SmartJournalTests" */;
			buildPhases = (
				04BDE9BA2E5A744400147CC0 /* Sources */,
				04BDE9BB2E5A744400147CC0 /* Frameworks */,
				04BDE9BC2E5A744400147CC0 /* Resources */,
			);
			buildRules = (
			);
			dependencies = (
				04BDE9C02E5A744400147CC0 /* PBXTargetDependency */,
			);
			fileSystemSynchronizedGroups = (
				04BDE9C12E5A744400147CC0 /* SmartJournalTests */,
			);
			name = SmartJournalTests;
			packageProductDependencies = (
			);
			productName = SmartJournalTests;
			productReference = 04BDE9BE2E5A744400147CC0 /* SmartJournalTests.xctest */;
			productType = "com.apple.product-type.bundle.unit-test";
		};
		04BDE9C72E5A744400147CC0 /* SmartJournalUITests */ = {
			isa = PBXNativeTarget;
			buildConfigurationList = 04BDE9D82E5A744400147CC0 /* Build configuration list for PBXNativeTarget "SmartJournalUITests" */;
			buildPhases = (
				04BDE9C42E5A744400147CC0 /* Sources */,
				04BDE9C52E5A744400147CC0 /* Frameworks */,
				04BDE9C62E5A744400147CC0 /* Resources */,
			);
			buildRules = (
			);
			dependencies = (
				04BDE9CA2E5A744400147CC0 /* PBXTargetDependency */,
			);
			fileSystemSynchronizedGroups = (
				04BDE9CB2E5A744400147CC0 /* SmartJournalUITests */,
			);
			name = SmartJournalUITests;
			packageProductDependencies = (
			);
			productName = SmartJournalUITests;
			productReference = 04BDE9C82E5A744400147CC0 /* SmartJournalUITests.xctest */;
			productType = "com.apple.product-type.bundle.ui-testing";
		};
/* End PBXNativeTarget section */

/* Begin PBXProject section */
		04BDE9A82E5A744200147CC0 /* Project object */ = {
			isa = PBXProject;
			attributes = {
				BuildIndependentTargetsInParallel = 1;
				LastSwiftUpdateCheck = 1640;
				LastUpgradeCheck = 1640;
				TargetAttributes = {
					04BDE9AF2E5A744200147CC0 = {
						CreatedOnToolsVersion = 16.4;
					};
					04BDE9BD2E5A744400147CC0 = {
						CreatedOnToolsVersion = 16.4;
						TestTargetID = 04BDE9AF2E5A744200147CC0;
					};
					04BDE9C72E5A744400147CC0 = {
						CreatedOnToolsVersion = 16.4;
						TestTargetID = 04BDE9AF2E5A744200147CC0;
					};
				};
			};
			buildConfigurationList = 04BDE9AB2E5A744200147CC0 /* Build configuration list for PBXProject "SmartJournal" */;
			developmentRegion = en;
			hasScannedForEncodings = 0;
			knownRegions = (
				en,
				Base,
			);
			mainGroup = 04BDE9A72E5A744200147CC0;
			minimizedProjectReferenceProxies = 1;
			packageReferences = (
				04BDE9DD2E5A834400147CC0 /* XCRemoteSwiftPackageReference "Reductio" */,
			);
			preferredProjectObjectVersion = 77;
			productRefGroup = 04BDE9B12E5A744200147CC0 /* Products */;
			projectDirPath = "";
			projectRoot = "";
			targets = (
				04BDE9AF2E5A744200147CC0 /* SmartJournal */,
				04BDE9BD2E5A744400147CC0 /* SmartJournalTests */,
				04BDE9C72E5A744400147CC0 /* SmartJournalUITests */,
			);
		};
/* End PBXProject section */

/* Begin PBXResourcesBuildPhase section */
		04BDE9AE2E5A744200147CC0 /* Resources */ = {
			isa = PBXResourcesBuildPhase;
			buildActionMask = 2147483647;
			files = (
			);
			runOnlyForDeploymentPostprocessing = 0;
		};
		04BDE9BC2E5A744400147CC0 /* Resources */ = {
			isa = PBXResourcesBuildPhase;
			buildActionMask = 2147483647;
			files = (
			);
			runOnlyForDeploymentPostprocessing = 0;
		};
		04BDE9C62E5A744400147CC0 /* Resources */ = {
			isa = PBXResourcesBuildPhase;
			buildActionMask = 2147483647;
			files = (
			);
			runOnlyForDeploymentPostprocessing = 0;
		};
/* End PBXResourcesBuildPhase section */

/* Begin PBXSourcesBuildPhase section */
		04BDE9AC2E5A744200147CC0 /* Sources */ = {
			isa = PBXSourcesBuildPhase;
			buildActionMask = 2147483647;
			files = (
			);
			runOnlyForDeploymentPostprocessing = 0;
		};
		04BDE9BA2E5A744400147CC0 /* Sources */ = {
			isa = PBXSourcesBuildPhase;
			buildActionMask = 2147483647;
			files = (
			);
			runOnlyForDeploymentPostprocessing = 0;
		};
		04BDE9C42E5A744400147CC0 /* Sources */ = {
			isa = PBXSourcesBuildPhase;
			buildActionMask = 2147483647;
			files = (
			);
			runOnlyForDeploymentPostprocessing = 0;
		};
/* End PBXSourcesBuildPhase section */

/* Begin PBXTargetDependency section */
		04BDE9C02E5A744400147CC0 /* PBXTargetDependency */ = {
			isa = PBXTargetDependency;
			target = 04BDE9AF2E5A744200147CC0 /* SmartJournal */;
			targetProxy = 04BDE9BF2E5A744400147CC0 /* PBXContainerItemProxy */;
		};
		04BDE9CA2E5A744400147CC0 /* PBXTargetDependency */ = {
			isa = PBXTargetDependency;
			target = 04BDE9AF2E5A744200147CC0 /* SmartJournal */;
			targetProxy = 04BDE9C92E5A744400147CC0 /* PBXContainerItemProxy */;
		};
/* End PBXTargetDependency section */

/* Begin XCBuildConfiguration section */
		04BDE9D02E5A744400147CC0 /* Debug */ = {
			isa = XCBuildConfiguration;
			buildSettings = {
				ALWAYS_SEARCH_USER_PATHS = NO;
				ASSETCATALOG_COMPILER_GENERATE_SWIFT_ASSET_SYMBOL_EXTENSIONS = YES;
				CLANG_ANALYZER_NONNULL = YES;
				CLANG_ANALYZER_NUMBER_OBJECT_CONVERSION = YES_AGGRESSIVE;
				CLANG_CXX_LANGUAGE_STANDARD = "gnu++20";
				CLANG_ENABLE_MODULES = YES;
				CLANG_ENABLE_OBJC_ARC = YES;
				CLANG_ENABLE_OBJC_WEAK = YES;
				CLANG_WARN_BLOCK_CAPTURE_AUTORELEASING = YES;
				CLANG_WARN_BOOL_CONVERSION = YES;
				CLANG_WARN_COMMA = YES;
				CLANG_WARN_CONSTANT_CONVERSION = YES;
				CLANG_WARN_DEPRECATED_OBJC_IMPLEMENTATIONS = YES;
				CLANG_WARN_DIRECT_OBJC_ISA_USAGE = YES_ERROR;
				CLANG_WARN_DOCUMENTATION_COMMENTS = YES;
				CLANG_WARN_EMPTY_BODY = YES;
				CLANG_WARN_ENUM_CONVERSION = YES;
				CLANG_WARN_INFINITE_RECURSION = YES;
				CLANG_WARN_INT_CONVERSION = YES;
				CLANG_WARN_NON_LITERAL_NULL_CONVERSION = YES;
				CLANG_WARN_OBJC_IMPLICIT_RETAIN_SELF = YES;
				CLANG_WARN_OBJC_LITERAL_CONVERSION = YES;
				CLANG_WARN_OBJC_ROOT_CLASS = YES_ERROR;
				CLANG_WARN_QUOTED_INCLUDE_IN_FRAMEWORK_HEADER = YES;
				CLANG_WARN_RANGE_LOOP_ANALYSIS = YES;
				CLANG_WARN_STRICT_PROTOTYPES = YES;
				CLANG_WARN_SUSPICIOUS_MOVE = YES;
				CLANG_WARN_UNGUARDED_AVAILABILITY = YES_AGGRESSIVE;
				CLANG_WARN_UNREACHABLE_CODE = YES;
				CLANG_WARN__DUPLICATE_METHOD_MATCH = YES;
				COPY_PHASE_STRIP = NO;
				DEBUG_INFORMATION_FORMAT = dwarf;
				ENABLE_STRICT_OBJC_MSGSEND = YES;
				ENABLE_TESTABILITY = YES;
				ENABLE_USER_SCRIPT_SANDBOXING = YES;
				GCC_C_LANGUAGE_STANDARD = gnu17;
				GCC_DYNAMIC_NO_PIC = NO;
				GCC_NO_COMMON_BLOCKS = YES;
				GCC_OPTIMIZATION_LEVEL = 0;
				GCC_PREPROCESSOR_DEFINITIONS = (
					"DEBUG=1",
					"$(inherited)",
				);
				GCC_WARN_64_TO_32_BIT_CONVERSION = YES;
				GCC_WARN_ABOUT_RETURN_TYPE = YES_ERROR;
				GCC_WARN_UNDECLARED_SELECTOR = YES;
				GCC_WARN_UNINITIALIZED_AUTOS = YES_AGGRESSIVE;
				GCC_WARN_UNUSED_FUNCTION = YES;
				GCC_WARN_UNUSED_VARIABLE = YES;
				LOCALIZATION_PREFERS_STRING_CATALOGS = YES;
				MTL_ENABLE_DEBUG_INFO = INCLUDE_SOURCE;
				MTL_FAST_MATH = YES;
				ONLY_ACTIVE_ARCH = YES;
				SWIFT_ACTIVE_COMPILATION_CONDITIONS = "DEBUG $(inherited)";
				SWIFT_OPTIMIZATION_LEVEL = "-Onone";
			};
			name = Debug;
		};
		04BDE9D12E5A744400147CC0 /* Release */ = {
			isa = XCBuildConfiguration;
			buildSettings = {
				ALWAYS_SEARCH_USER_PATHS = NO;
				ASSETCATALOG_COMPILER_GENERATE_SWIFT_ASSET_SYMBOL_EXTENSIONS = YES;
				CLANG_ANALYZER_NONNULL = YES;
				CLANG_ANALYZER_NUMBER_OBJECT_CONVERSION = YES_AGGRESSIVE;
				CLANG_CXX_LANGUAGE_STANDARD = "gnu++20";
				CLANG_ENABLE_MODULES = YES;
				CLANG_ENABLE_OBJC_ARC = YES;
				CLANG_ENABLE_OBJC_WEAK = YES;
				CLANG_WARN_BLOCK_CAPTURE_AUTORELEASING = YES;
				CLANG_WARN_BOOL_CONVERSION = YES;
				CLANG_WARN_COMMA = YES;
				CLANG_WARN_CONSTANT_CONVERSION = YES;
				CLANG_WARN_DEPRECATED_OBJC_IMPLEMENTATIONS = YES;
				CLANG_WARN_DIRECT_OBJC_ISA_USAGE = YES_ERROR;
				CLANG_WARN_DOCUMENTATION_COMMENTS = YES;
				CLANG_WARN_EMPTY_BODY = YES;
				CLANG_WARN_ENUM_CONVERSION = YES;
				CLANG_WARN_INFINITE_RECURSION = YES;
				CLANG_WARN_INT_CONVERSION = YES;
				CLANG_WARN_NON_LITERAL_NULL_CONVERSION = YES;
				CLANG_WARN_OBJC_IMPLICIT_RETAIN_SELF = YES;
				CLANG_WARN_OBJC_LITERAL_CONVERSION = YES;
				CLANG_WARN_OBJC_ROOT_CLASS = YES_ERROR;
				CLANG_WARN_QUOTED_INCLUDE_IN_FRAMEWORK_HEADER = YES;
				CLANG_WARN_RANGE_LOOP_ANALYSIS = YES;
				CLANG_WARN_STRICT_PROTOTYPES = YES;
				CLANG_WARN_SUSPICIOUS_MOVE = YES;
				CLANG_WARN_UNGUARDED_AVAILABILITY = YES_AGGRESSIVE;
				CLANG_WARN_UNREACHABLE_CODE = YES;
				CLANG_WARN__DUPLICATE_METHOD_MATCH = YES;
				COPY_PHASE_STRIP = NO;
				DEBUG_INFORMATION_FORMAT = "dwarf-with-dsym";
				ENABLE_NS_ASSERTIONS = NO;
				ENABLE_STRICT_OBJC_MSGSEND = YES;
				ENABLE_USER_SCRIPT_SANDBOXING = YES;
				GCC_C_LANGUAGE_STANDARD = gnu17;
				GCC_NO_COMMON_BLOCKS = YES;
				GCC_WARN_64_TO_32_BIT_CONVERSION = YES;
				GCC_WARN_ABOUT_RETURN_TYPE = YES_ERROR;
				GCC_WARN_UNDECLARED_SELECTOR = YES;
				GCC_WARN_UNINITIALIZED_AUTOS = YES_AGGRESSIVE;
				GCC_WARN_UNUSED_FUNCTION = YES;
				GCC_WARN_UNUSED_VARIABLE = YES;
				LOCALIZATION_PREFERS_STRING_CATALOGS = YES;
				MTL_ENABLE_DEBUG_INFO = NO;
				MTL_FAST_MATH = YES;
				SWIFT_COMPILATION_MODE = wholemodule;
			};
			name = Release;
		};
		04BDE9D32E5A744400147CC0 /* Debug */ = {
			isa = XCBuildConfiguration;
			buildSettings = {
				ASSETCATALOG_COMPILER_APPICON_NAME = AppIcon;
				ASSETCATALOG_COMPILER_GLOBAL_ACCENT_COLOR_NAME = AccentColor;
				CODE_SIGN_ENTITLEMENTS = SmartJournal/SmartJournal.entitlements;
				CODE_SIGN_STYLE = Automatic;
				CURRENT_PROJECT_VERSION = 1;
				DEVELOPMENT_TEAM = M5Q33V244N;
				ENABLE_PREVIEWS = YES;
				GENERATE_INFOPLIST_FILE = YES;
				INFOPLIST_KEY_NSHealthShareUsageDescription = "SmartJournal uses HealthKit to track your mood and correlate it with your health data like sleep, steps, and workouts to provide personalized wellness insights.";
				INFOPLIST_KEY_NSHealthUpdateUsageDescription = "SmartJournal saves your mood data to HealthKit so you can track your emotional wellness alongside your physical health metrics.";
				INFOPLIST_KEY_NSMicrophoneUsageDescription = "SmartJournal uses the microphone to record your voice for speech-to-text journal entries, helping you capture your thoughts more easily.";
				INFOPLIST_KEY_NSSpeechRecognitionUsageDescription = "SmartJournal uses speech recognition to allow you to dictate your journal entries by voice, making it easier to capture your thoughts quickly and naturally.";
				"INFOPLIST_KEY_UIApplicationSceneManifest_Generation[sdk=iphoneos*]" = YES;
				"INFOPLIST_KEY_UIApplicationSceneManifest_Generation[sdk=iphonesimulator*]" = YES;
				"INFOPLIST_KEY_UIApplicationSupportsIndirectInputEvents[sdk=iphoneos*]" = YES;
				"INFOPLIST_KEY_UIApplicationSupportsIndirectInputEvents[sdk=iphonesimulator*]" = YES;
				"INFOPLIST_KEY_UILaunchScreen_Generation[sdk=iphoneos*]" = YES;
				"INFOPLIST_KEY_UILaunchScreen_Generation[sdk=iphonesimulator*]" = YES;
				"INFOPLIST_KEY_UIStatusBarStyle[sdk=iphoneos*]" = UIStatusBarStyleDefault;
				"INFOPLIST_KEY_UIStatusBarStyle[sdk=iphonesimulator*]" = UIStatusBarStyleDefault;
				INFOPLIST_KEY_UISupportedInterfaceOrientations_iPad = "UIInterfaceOrientationPortrait UIInterfaceOrientationPortraitUpsideDown UIInterfaceOrientationLandscapeLeft UIInterfaceOrientationLandscapeRight";
				INFOPLIST_KEY_UISupportedInterfaceOrientations_iPhone = "UIInterfaceOrientationPortrait UIInterfaceOrientationLandscapeLeft UIInterfaceOrientationLandscapeRight";
				IPHONEOS_DEPLOYMENT_TARGET = 18.5;
				LD_RUNPATH_SEARCH_PATHS = "@executable_path/Frameworks";
				"LD_RUNPATH_SEARCH_PATHS[sdk=macosx*]" = "@executable_path/../Frameworks";
				MACOSX_DEPLOYMENT_TARGET = 15.5;
				MARKETING_VERSION = 1.0;
				PRODUCT_BUNDLE_IDENTIFIER = com.neel.SmartJournal;
				PRODUCT_NAME = "$(TARGET_NAME)";
				REGISTER_APP_GROUPS = YES;
				SDKROOT = auto;
				SUPPORTED_PLATFORMS = "iphoneos iphonesimulator macosx xros xrsimulator";
				SWIFT_EMIT_LOC_STRINGS = YES;
				SWIFT_VERSION = 5.0;
				TARGETED_DEVICE_FAMILY = "1,2,7";
				XROS_DEPLOYMENT_TARGET = 2.5;
			};
			name = Debug;
		};
		04BDE9D42E5A744400147CC0 /* Release */ = {
			isa = XCBuildConfiguration;
			buildSettings = {
				ASSETCATALOG_COMPILER_APPICON_NAME = AppIcon;
				ASSETCATALOG_COMPILER_GLOBAL_ACCENT_COLOR_NAME = AccentColor;
				CODE_SIGN_ENTITLEMENTS = SmartJournal/SmartJournal.entitlements;
				CODE_SIGN_STYLE = Automatic;
				CURRENT_PROJECT_VERSION = 1;
				DEVELOPMENT_TEAM = M5Q33V244N;
				ENABLE_PREVIEWS = YES;
				GENERATE_INFOPLIST_FILE = YES;
				INFOPLIST_KEY_NSHealthShareUsageDescription = "SmartJournal uses HealthKit to track your mood and correlate it with your health data like sleep, steps, and workouts to provide personalized wellness insights.";
				INFOPLIST_KEY_NSHealthUpdateUsageDescription = "SmartJournal saves your mood data to HealthKit so you can track your emotional wellness alongside your physical health metrics.";
				INFOPLIST_KEY_NSMicrophoneUsageDescription = "SmartJournal uses the microphone to record your voice for speech-to-text journal entries, helping you capture your thoughts more easily.";
				INFOPLIST_KEY_NSSpeechRecognitionUsageDescription = "SmartJournal uses speech recognition to allow you to dictate your journal entries by voice, making it easier to capture your thoughts quickly and naturally.";
				"INFOPLIST_KEY_UIApplicationSceneManifest_Generation[sdk=iphoneos*]" = YES;
				"INFOPLIST_KEY_UIApplicationSceneManifest_Generation[sdk=iphonesimulator*]" = YES;
				"INFOPLIST_KEY_UIApplicationSupportsIndirectInputEvents[sdk=iphoneos*]" = YES;
				"INFOPLIST_KEY_UIApplicationSupportsIndirectInputEvents[sdk=iphonesimulator*]" = YES;
				"INFOPLIST_KEY_UILaunchScreen_Generation[sdk=iphoneos*]" = YES;
				"INFOPLIST_KEY_UILaunchScreen_Generation[sdk=iphonesimulator*]" = YES;
				"INFOPLIST_KEY_UIStatusBarStyle[sdk=iphoneos*]" = UIStatusBarStyleDefault;
				"INFOPLIST_KEY_UIStatusBarStyle[sdk=iphonesimulator*]" = UIStatusBarStyleDefault;
				INFOPLIST_KEY_UISupportedInterfaceOrientations_iPad = "UIInterfaceOrientationPortrait UIInterfaceOrientationPortraitUpsideDown UIInterfaceOrientationLandscapeLeft UIInterfaceOrientationLandscapeRight";
				INFOPLIST_KEY_UISupportedInterfaceOrientations_iPhone = "UIInterfaceOrientationPortrait UIInterfaceOrientationLandscapeLeft UIInterfaceOrientationLandscapeRight";
				IPHONEOS_DEPLOYMENT_TARGET = 18.5;
				LD_RUNPATH_SEARCH_PATHS = "@executable_path/Frameworks";
				"LD_RUNPATH_SEARCH_PATHS[sdk=macosx*]" = "@executable_path/../Frameworks";
				MACOSX_DEPLOYMENT_TARGET = 15.5;
				MARKETING_VERSION = 1.0;
				PRODUCT_BUNDLE_IDENTIFIER = com.neel.SmartJournal;
				PRODUCT_NAME = "$(TARGET_NAME)";
				REGISTER_APP_GROUPS = YES;
				SDKROOT = auto;
				SUPPORTED_PLATFORMS = "iphoneos iphonesimulator macosx xros xrsimulator";
				SWIFT_EMIT_LOC_STRINGS = YES;
				SWIFT_VERSION = 5.0;
				TARGETED_DEVICE_FAMILY = "1,2,7";
				XROS_DEPLOYMENT_TARGET = 2.5;
			};
			name = Release;
		};
		04BDE9D62E5A744400147CC0 /* Debug */ = {
			isa = XCBuildConfiguration;
			buildSettings = {
				BUNDLE_LOADER = "$(TEST_HOST)";
				CODE_SIGN_STYLE = Automatic;
				CURRENT_PROJECT_VERSION = 1;
				GENERATE_INFOPLIST_FILE = YES;
				IPHONEOS_DEPLOYMENT_TARGET = 18.5;
				MACOSX_DEPLOYMENT_TARGET = 15.5;
				MARKETING_VERSION = 1.0;
				PRODUCT_BUNDLE_IDENTIFIER = com.neel.SmartJournalTests;
				PRODUCT_NAME = "$(TARGET_NAME)";
				SDKROOT = auto;
				SUPPORTED_PLATFORMS = "iphoneos iphonesimulator macosx xros xrsimulator";
				SWIFT_EMIT_LOC_STRINGS = NO;
				SWIFT_VERSION = 5.0;
				TARGETED_DEVICE_FAMILY = "1,2,7";
				TEST_HOST = "$(BUILT_PRODUCTS_DIR)/SmartJournal.app/$(BUNDLE_EXECUTABLE_FOLDER_PATH)/SmartJournal";
				XROS_DEPLOYMENT_TARGET = 2.5;
			};
			name = Debug;
		};
		04BDE9D72E5A744400147CC0 /* Release */ = {
			isa = XCBuildConfiguration;
			buildSettings = {
				BUNDLE_LOADER = "$(TEST_HOST)";
				CODE_SIGN_STYLE = Automatic;
				CURRENT_PROJECT_VERSION = 1;
				GENERATE_INFOPLIST_FILE = YES;
				IPHONEOS_DEPLOYMENT_TARGET = 18.5;
				MACOSX_DEPLOYMENT_TARGET = 15.5;
				MARKETING_VERSION = 1.0;
				PRODUCT_BUNDLE_IDENTIFIER = com.neel.SmartJournalTests;
				PRODUCT_NAME = "$(TARGET_NAME)";
				SDKROOT = auto;
				SUPPORTED_PLATFORMS = "iphoneos iphonesimulator macosx xros xrsimulator";
				SWIFT_EMIT_LOC_STRINGS = NO;
				SWIFT_VERSION = 5.0;
				TARGETED_DEVICE_FAMILY = "1,2,7";
				TEST_HOST = "$(BUILT_PRODUCTS_DIR)/SmartJournal.app/$(BUNDLE_EXECUTABLE_FOLDER_PATH)/SmartJournal";
				XROS_DEPLOYMENT_TARGET = 2.5;
			};
			name = Release;
		};
		04BDE9D92E5A744400147CC0 /* Debug */ = {
			isa = XCBuildConfiguration;
			buildSettings = {
				CODE_SIGN_STYLE = Automatic;
				CURRENT_PROJECT_VERSION = 1;
				GENERATE_INFOPLIST_FILE = YES;
				IPHONEOS_DEPLOYMENT_TARGET = 18.5;
				MACOSX_DEPLOYMENT_TARGET = 15.5;
				MARKETING_VERSION = 1.0;
				PRODUCT_BUNDLE_IDENTIFIER = com.neel.SmartJournalUITests;
				PRODUCT_NAME = "$(TARGET_NAME)";
				SDKROOT = auto;
				SUPPORTED_PLATFORMS = "iphoneos iphonesimulator macosx xros xrsimulator";
				SWIFT_EMIT_LOC_STRINGS = NO;
				SWIFT_VERSION = 5.0;
				TARGETED_DEVICE_FAMILY = "1,2,7";
				TEST_TARGET_NAME = SmartJournal;
				XROS_DEPLOYMENT_TARGET = 2.5;
			};
			name = Debug;
		};
		04BDE9DA2E5A744400147CC0 /* Release */ = {
			isa = XCBuildConfiguration;
			buildSettings = {
				CODE_SIGN_STYLE = Automatic;
				CURRENT_PROJECT_VERSION = 1;
				GENERATE_INFOPLIST_FILE = YES;
				IPHONEOS_DEPLOYMENT_TARGET = 18.5;
				MACOSX_DEPLOYMENT_TARGET = 15.5;
				MARKETING_VERSION = 1.0;
				PRODUCT_BUNDLE_IDENTIFIER = com.neel.SmartJournalUITests;
				PRODUCT_NAME = "$(TARGET_NAME)";
				SDKROOT = auto;
				SUPPORTED_PLATFORMS = "iphoneos iphonesimulator macosx xros xrsimulator";
				SWIFT_EMIT_LOC_STRINGS = NO;
				SWIFT_VERSION = 5.0;
				TARGETED_DEVICE_FAMILY = "1,2,7";
				TEST_TARGET_NAME = SmartJournal;
				XROS_DEPLOYMENT_TARGET = 2.5;
			};
			name = Release;
		};
/* End XCBuildConfiguration section */

/* Begin XCConfigurationList section */
		04BDE9AB2E5A744200147CC0 /* Build configuration list for PBXProject "SmartJournal" */ = {
			isa = XCConfigurationList;
			buildConfigurations = (
				04BDE9D02E5A744400147CC0 /* Debug */,
				04BDE9D12E5A744400147CC0 /* Release */,
			);
			defaultConfigurationIsVisible = 0;
			defaultConfigurationName = Release;
		};
		04BDE9D22E5A744400147CC0 /* Build configuration list for PBXNativeTarget "SmartJournal" */ = {
			isa = XCConfigurationList;
			buildConfigurations = (
				04BDE9D32E5A744400147CC0 /* Debug */,
				04BDE9D42E5A744400147CC0 /* Release */,
			);
			defaultConfigurationIsVisible = 0;
			defaultConfigurationName = Release;
		};
		04BDE9D52E5A744400147CC0 /* Build configuration list for PBXNativeTarget "SmartJournalTests" */ = {
			isa = XCConfigurationList;
			buildConfigurations = (
				04BDE9D62E5A744400147CC0 /* Debug */,
				04BDE9D72E5A744400147CC0 /* Release */,
			);
			defaultConfigurationIsVisible = 0;
			defaultConfigurationName = Release;
		};
		04BDE9D82E5A744400147CC0 /* Build configuration list for PBXNativeTarget "SmartJournalUITests" */ = {
			isa = XCConfigurationList;
			buildConfigurations = (
				04BDE9D92E5A744400147CC0 /* Debug */,
				04BDE9DA2E5A744400147CC0 /* Release */,
			);
			defaultConfigurationIsVisible = 0;
			defaultConfigurationName = Release;
		};
/* End XCConfigurationList section */

/* Begin XCRemoteSwiftPackageReference section */
		04BDE9DD2E5A834400147CC0 /* XCRemoteSwiftPackageReference "Reductio" */ = {
			isa = XCRemoteSwiftPackageReference;
			repositoryURL = "https://github.com/fdzsergio/Reductio";
			requirement = {
				kind = upToNextMajorVersion;
				minimumVersion = 1.6.0;
			};
		};
/* End XCRemoteSwiftPackageReference section */

/* Begin XCSwiftPackageProductDependency section */
		04BDE9DE2E5A83FD00147CC0 /* Reductio */ = {
			isa = XCSwiftPackageProductDependency;
			package = 04BDE9DD2E5A834400147CC0 /* XCRemoteSwiftPackageReference "Reductio" */;
			productName = Reductio;
		};
/* End XCSwiftPackageProductDependency section */
	};
	rootObject = 04BDE9A82E5A744200147CC0 /* Project object */;
}
